// !$*UTF8*$!
{
	archiveVersion = 1;
	classes = {
	};
	objectVersion = 51;
	objects = {

/* Begin PBXBuildFile section */
		31D1A52A97F996ED9AD8F720 /* Pods_swift_todo.framework in Frameworks */ = {isa = PBXBuildFile; fileRef = 7A502B33C32966643625067D /* Pods_swift_todo.framework */; };
		5444106E26D1168C005E15BB /* TodoIndexViewController.swift in Sources */ = {isa = PBXBuildFile; fileRef = 5444106D26D1168C005E15BB /* TodoIndexViewController.swift */; };
		5444107026D1169D005E15BB /* TodoShowViewController.swift in Sources */ = {isa = PBXBuildFile; fileRef = 5444106F26D1169D005E15BB /* TodoShowViewController.swift */; };
		5444107226D116A7005E15BB /* TodoAddViewController.swift in Sources */ = {isa = PBXBuildFile; fileRef = 5444107126D116A7005E15BB /* TodoAddViewController.swift */; };
		5444107426D116B6005E15BB /* TodoEditViewController.swift in Sources */ = {isa = PBXBuildFile; fileRef = 5444107326D116B6005E15BB /* TodoEditViewController.swift */; };
		5444107726D11765005E15BB /* Application.swift in Sources */ = {isa = PBXBuildFile; fileRef = 5444107626D11765005E15BB /* Application.swift */; };
		5444107926D11824005E15BB /* TodoIndexRouter.swift in Sources */ = {isa = PBXBuildFile; fileRef = 5444107826D11824005E15BB /* TodoIndexRouter.swift */; };
		5444107B26D11882005E15BB /* Todo.swift in Sources */ = {isa = PBXBuildFile; fileRef = 5444107A26D11882005E15BB /* Todo.swift */; };
		5444107D26D118FA005E15BB /* TodoUseCase.swift in Sources */ = {isa = PBXBuildFile; fileRef = 5444107C26D118FA005E15BB /* TodoUseCase.swift */; };
		5444108226D11C81005E15BB /* TodoRepository.swift in Sources */ = {isa = PBXBuildFile; fileRef = 5444108126D11C81005E15BB /* TodoRepository.swift */; };
		5444108426D11CEB005E15BB /* TodoIndexPresenter.swift in Sources */ = {isa = PBXBuildFile; fileRef = 5444108326D11CEB005E15BB /* TodoIndexPresenter.swift */; };
		5444108626D11D44005E15BB /* TodoGateway.swift in Sources */ = {isa = PBXBuildFile; fileRef = 5444108526D11D44005E15BB /* TodoGateway.swift */; };
		546FEC0A269ABEAE0040D67A /* AppDelegate.swift in Sources */ = {isa = PBXBuildFile; fileRef = 546FEC09269ABEAE0040D67A /* AppDelegate.swift */; };
		546FEC0C269ABEAE0040D67A /* SceneDelegate.swift in Sources */ = {isa = PBXBuildFile; fileRef = 546FEC0B269ABEAE0040D67A /* SceneDelegate.swift */; };
		546FEC13269ABEAF0040D67A /* Assets.xcassets in Resources */ = {isa = PBXBuildFile; fileRef = 546FEC12269ABEAF0040D67A /* Assets.xcassets */; };
		546FEC16269ABEAF0040D67A /* LaunchScreen.storyboard in Resources */ = {isa = PBXBuildFile; fileRef = 546FEC14269ABEAF0040D67A /* LaunchScreen.storyboard */; };
		546FEC21269ABEAF0040D67A /* swift_todoTests.swift in Sources */ = {isa = PBXBuildFile; fileRef = 546FEC20269ABEAF0040D67A /* swift_todoTests.swift */; };
		546FEC2C269ABEAF0040D67A /* swift_todoUITests.swift in Sources */ = {isa = PBXBuildFile; fileRef = 546FEC2B269ABEAF0040D67A /* swift_todoUITests.swift */; };
		547AF60426D1EC080081043C /* TodoShowPresenter.swift in Sources */ = {isa = PBXBuildFile; fileRef = 547AF60326D1EC080081043C /* TodoShowPresenter.swift */; };
		547AF60626D1EC120081043C /* TodoEditPresenter.swift in Sources */ = {isa = PBXBuildFile; fileRef = 547AF60526D1EC120081043C /* TodoEditPresenter.swift */; };
		547AF60826D1EC210081043C /* TodoAddPresenter.swift in Sources */ = {isa = PBXBuildFile; fileRef = 547AF60726D1EC210081043C /* TodoAddPresenter.swift */; };
		547AF60B26D225F50081043C /* Transitioner.swift in Sources */ = {isa = PBXBuildFile; fileRef = 547AF60A26D225F50081043C /* Transitioner.swift */; };
		547AF65B26D4D51B0081043C /* TodoFormView.swift in Sources */ = {isa = PBXBuildFile; fileRef = 547AF65A26D4D51B0081043C /* TodoFormView.swift */; };
		693E1E378402C8B30093F595 /* Pods_swift_todoTests.framework in Frameworks */ = {isa = PBXBuildFile; fileRef = B43725D28B7400819217548D /* Pods_swift_todoTests.framework */; };
		D44858EE2CD2D5C34EBB613D /* Pods_swift_todo_swift_todoUITests.framework in Frameworks */ = {isa = PBXBuildFile; fileRef = ED40158F7C781340420D7091 /* Pods_swift_todo_swift_todoUITests.framework */; };
/* End PBXBuildFile section */

/* Begin PBXContainerItemProxy section */
		546FEC1D269ABEAF0040D67A /* PBXContainerItemProxy */ = {
			isa = PBXContainerItemProxy;
			containerPortal = 546FEBFE269ABEAE0040D67A /* Project object */;
			proxyType = 1;
			remoteGlobalIDString = 546FEC05269ABEAE0040D67A;
			remoteInfo = swift_todo;
		};
		546FEC28269ABEAF0040D67A /* PBXContainerItemProxy */ = {
			isa = PBXContainerItemProxy;
			containerPortal = 546FEBFE269ABEAE0040D67A /* Project object */;
			proxyType = 1;
			remoteGlobalIDString = 546FEC05269ABEAE0040D67A;
			remoteInfo = swift_todo;
		};
/* End PBXContainerItemProxy section */

/* Begin PBXFileReference section */
		1114CB51A9CE9AFAED4F45AB /* Pods-swift_todoTests.release.xcconfig */ = {isa = PBXFileReference; includeInIndex = 1; lastKnownFileType = text.xcconfig; name = "Pods-swift_todoTests.release.xcconfig"; path = "Target Support Files/Pods-swift_todoTests/Pods-swift_todoTests.release.xcconfig"; sourceTree = "<group>"; };
		281005741EB6E02170E0773A /* Pods-swift_todo.debug.xcconfig */ = {isa = PBXFileReference; includeInIndex = 1; lastKnownFileType = text.xcconfig; name = "Pods-swift_todo.debug.xcconfig"; path = "Target Support Files/Pods-swift_todo/Pods-swift_todo.debug.xcconfig"; sourceTree = "<group>"; };
		4A0F3DD4C729EF78B0601D9A /* Pods-swift_todo.release.xcconfig */ = {isa = PBXFileReference; includeInIndex = 1; lastKnownFileType = text.xcconfig; name = "Pods-swift_todo.release.xcconfig"; path = "Target Support Files/Pods-swift_todo/Pods-swift_todo.release.xcconfig"; sourceTree = "<group>"; };
		5444106D26D1168C005E15BB /* TodoIndexViewController.swift */ = {isa = PBXFileReference; lastKnownFileType = sourcecode.swift; path = TodoIndexViewController.swift; sourceTree = "<group>"; };
		5444106F26D1169D005E15BB /* TodoShowViewController.swift */ = {isa = PBXFileReference; lastKnownFileType = sourcecode.swift; path = TodoShowViewController.swift; sourceTree = "<group>"; };
		5444107126D116A7005E15BB /* TodoAddViewController.swift */ = {isa = PBXFileReference; lastKnownFileType = sourcecode.swift; path = TodoAddViewController.swift; sourceTree = "<group>"; };
		5444107326D116B6005E15BB /* TodoEditViewController.swift */ = {isa = PBXFileReference; lastKnownFileType = sourcecode.swift; path = TodoEditViewController.swift; sourceTree = "<group>"; };
		5444107626D11765005E15BB /* Application.swift */ = {isa = PBXFileReference; lastKnownFileType = sourcecode.swift; path = Application.swift; sourceTree = "<group>"; };
		5444107826D11824005E15BB /* TodoIndexRouter.swift */ = {isa = PBXFileReference; lastKnownFileType = sourcecode.swift; path = TodoIndexRouter.swift; sourceTree = "<group>"; };
		5444107A26D11882005E15BB /* Todo.swift */ = {isa = PBXFileReference; lastKnownFileType = sourcecode.swift; path = Todo.swift; sourceTree = "<group>"; };
		5444107C26D118FA005E15BB /* TodoUseCase.swift */ = {isa = PBXFileReference; lastKnownFileType = sourcecode.swift; path = TodoUseCase.swift; sourceTree = "<group>"; };
		5444108126D11C81005E15BB /* TodoRepository.swift */ = {isa = PBXFileReference; lastKnownFileType = sourcecode.swift; path = TodoRepository.swift; sourceTree = "<group>"; };
		5444108326D11CEB005E15BB /* TodoIndexPresenter.swift */ = {isa = PBXFileReference; lastKnownFileType = sourcecode.swift; path = TodoIndexPresenter.swift; sourceTree = "<group>"; };
		5444108526D11D44005E15BB /* TodoGateway.swift */ = {isa = PBXFileReference; lastKnownFileType = sourcecode.swift; path = TodoGateway.swift; sourceTree = "<group>"; };
		546FEC06269ABEAE0040D67A /* swift_todo.app */ = {isa = PBXFileReference; explicitFileType = wrapper.application; includeInIndex = 0; path = swift_todo.app; sourceTree = BUILT_PRODUCTS_DIR; };
		546FEC09269ABEAE0040D67A /* AppDelegate.swift */ = {isa = PBXFileReference; lastKnownFileType = sourcecode.swift; path = AppDelegate.swift; sourceTree = "<group>"; };
		546FEC0B269ABEAE0040D67A /* SceneDelegate.swift */ = {isa = PBXFileReference; lastKnownFileType = sourcecode.swift; path = SceneDelegate.swift; sourceTree = "<group>"; };
		546FEC12269ABEAF0040D67A /* Assets.xcassets */ = {isa = PBXFileReference; lastKnownFileType = folder.assetcatalog; path = Assets.xcassets; sourceTree = "<group>"; };
		546FEC15269ABEAF0040D67A /* Base */ = {isa = PBXFileReference; lastKnownFileType = file.storyboard; name = Base; path = Base.lproj/LaunchScreen.storyboard; sourceTree = "<group>"; };
		546FEC17269ABEAF0040D67A /* Info.plist */ = {isa = PBXFileReference; lastKnownFileType = text.plist.xml; path = Info.plist; sourceTree = "<group>"; };
		546FEC1C269ABEAF0040D67A /* swift_todoTests.xctest */ = {isa = PBXFileReference; explicitFileType = wrapper.cfbundle; includeInIndex = 0; path = swift_todoTests.xctest; sourceTree = BUILT_PRODUCTS_DIR; };
		546FEC20269ABEAF0040D67A /* swift_todoTests.swift */ = {isa = PBXFileReference; lastKnownFileType = sourcecode.swift; path = swift_todoTests.swift; sourceTree = "<group>"; };
		546FEC22269ABEAF0040D67A /* Info.plist */ = {isa = PBXFileReference; lastKnownFileType = text.plist.xml; path = Info.plist; sourceTree = "<group>"; };
		546FEC27269ABEAF0040D67A /* swift_todoUITests.xctest */ = {isa = PBXFileReference; explicitFileType = wrapper.cfbundle; includeInIndex = 0; path = swift_todoUITests.xctest; sourceTree = BUILT_PRODUCTS_DIR; };
		546FEC2B269ABEAF0040D67A /* swift_todoUITests.swift */ = {isa = PBXFileReference; lastKnownFileType = sourcecode.swift; path = swift_todoUITests.swift; sourceTree = "<group>"; };
		546FEC2D269ABEAF0040D67A /* Info.plist */ = {isa = PBXFileReference; lastKnownFileType = text.plist.xml; path = Info.plist; sourceTree = "<group>"; };
		547AF60326D1EC080081043C /* TodoShowPresenter.swift */ = {isa = PBXFileReference; lastKnownFileType = sourcecode.swift; path = TodoShowPresenter.swift; sourceTree = "<group>"; };
		547AF60526D1EC120081043C /* TodoEditPresenter.swift */ = {isa = PBXFileReference; lastKnownFileType = sourcecode.swift; path = TodoEditPresenter.swift; sourceTree = "<group>"; };
		547AF60726D1EC210081043C /* TodoAddPresenter.swift */ = {isa = PBXFileReference; lastKnownFileType = sourcecode.swift; path = TodoAddPresenter.swift; sourceTree = "<group>"; };
		547AF60A26D225F50081043C /* Transitioner.swift */ = {isa = PBXFileReference; lastKnownFileType = sourcecode.swift; path = Transitioner.swift; sourceTree = "<group>"; };
		547AF65A26D4D51B0081043C /* TodoFormView.swift */ = {isa = PBXFileReference; lastKnownFileType = sourcecode.swift; path = TodoFormView.swift; sourceTree = "<group>"; };
		7A502B33C32966643625067D /* Pods_swift_todo.framework */ = {isa = PBXFileReference; explicitFileType = wrapper.framework; includeInIndex = 0; path = Pods_swift_todo.framework; sourceTree = BUILT_PRODUCTS_DIR; };
		A35AEA48BBC1797819C2ECB3 /* Pods-swift_todo-swift_todoUITests.release.xcconfig */ = {isa = PBXFileReference; includeInIndex = 1; lastKnownFileType = text.xcconfig; name = "Pods-swift_todo-swift_todoUITests.release.xcconfig"; path = "Target Support Files/Pods-swift_todo-swift_todoUITests/Pods-swift_todo-swift_todoUITests.release.xcconfig"; sourceTree = "<group>"; };
		B43725D28B7400819217548D /* Pods_swift_todoTests.framework */ = {isa = PBXFileReference; explicitFileType = wrapper.framework; includeInIndex = 0; path = Pods_swift_todoTests.framework; sourceTree = BUILT_PRODUCTS_DIR; };
		D60A2697BAED8A884C4E0753 /* Pods-swift_todoTests.debug.xcconfig */ = {isa = PBXFileReference; includeInIndex = 1; lastKnownFileType = text.xcconfig; name = "Pods-swift_todoTests.debug.xcconfig"; path = "Target Support Files/Pods-swift_todoTests/Pods-swift_todoTests.debug.xcconfig"; sourceTree = "<group>"; };
		EB88F04F5BB4E12D1BC92283 /* Pods-swift_todo-swift_todoUITests.debug.xcconfig */ = {isa = PBXFileReference; includeInIndex = 1; lastKnownFileType = text.xcconfig; name = "Pods-swift_todo-swift_todoUITests.debug.xcconfig"; path = "Target Support Files/Pods-swift_todo-swift_todoUITests/Pods-swift_todo-swift_todoUITests.debug.xcconfig"; sourceTree = "<group>"; };
		ED40158F7C781340420D7091 /* Pods_swift_todo_swift_todoUITests.framework */ = {isa = PBXFileReference; explicitFileType = wrapper.framework; includeInIndex = 0; path = Pods_swift_todo_swift_todoUITests.framework; sourceTree = BUILT_PRODUCTS_DIR; };
/* End PBXFileReference section */

/* Begin PBXFrameworksBuildPhase section */
		546FEC03269ABEAE0040D67A /* Frameworks */ = {
			isa = PBXFrameworksBuildPhase;
			buildActionMask = 2147483647;
			files = (
				31D1A52A97F996ED9AD8F720 /* Pods_swift_todo.framework in Frameworks */,
			);
			runOnlyForDeploymentPostprocessing = 0;
		};
		546FEC19269ABEAF0040D67A /* Frameworks */ = {
			isa = PBXFrameworksBuildPhase;
			buildActionMask = 2147483647;
			files = (
				693E1E378402C8B30093F595 /* Pods_swift_todoTests.framework in Frameworks */,
			);
			runOnlyForDeploymentPostprocessing = 0;
		};
		546FEC24269ABEAF0040D67A /* Frameworks */ = {
			isa = PBXFrameworksBuildPhase;
			buildActionMask = 2147483647;
			files = (
				D44858EE2CD2D5C34EBB613D /* Pods_swift_todo_swift_todoUITests.framework in Frameworks */,
			);
			runOnlyForDeploymentPostprocessing = 0;
		};
/* End PBXFrameworksBuildPhase section */

/* Begin PBXGroup section */
		39FED68DB018C1653FFA24A8 /* Pods */ = {
			isa = PBXGroup;
			children = (
				281005741EB6E02170E0773A /* Pods-swift_todo.debug.xcconfig */,
				4A0F3DD4C729EF78B0601D9A /* Pods-swift_todo.release.xcconfig */,
				EB88F04F5BB4E12D1BC92283 /* Pods-swift_todo-swift_todoUITests.debug.xcconfig */,
				A35AEA48BBC1797819C2ECB3 /* Pods-swift_todo-swift_todoUITests.release.xcconfig */,
				D60A2697BAED8A884C4E0753 /* Pods-swift_todoTests.debug.xcconfig */,
				1114CB51A9CE9AFAED4F45AB /* Pods-swift_todoTests.release.xcconfig */,
			);
			path = Pods;
			sourceTree = "<group>";
		};
		5444107E26D11971005E15BB /* Environment */ = {
			isa = PBXGroup;
			children = (
				5444107626D11765005E15BB /* Application.swift */,
				547AF60A26D225F50081043C /* Transitioner.swift */,
			);
			path = Environment;
			sourceTree = "<group>";
		};
		546FEBFD269ABEAE0040D67A = {
			isa = PBXGroup;
			children = (
				546FEC08269ABEAE0040D67A /* swift_todo */,
				546FEC1F269ABEAF0040D67A /* swift_todoTests */,
				546FEC2A269ABEAF0040D67A /* swift_todoUITests */,
				546FEC07269ABEAE0040D67A /* Products */,
				39FED68DB018C1653FFA24A8 /* Pods */,
				C9030EAFF09DA84955C80F8A /* Frameworks */,
			);
			sourceTree = "<group>";
		};
		546FEC07269ABEAE0040D67A /* Products */ = {
			isa = PBXGroup;
			children = (
				546FEC06269ABEAE0040D67A /* swift_todo.app */,
				546FEC1C269ABEAF0040D67A /* swift_todoTests.xctest */,
				546FEC27269ABEAF0040D67A /* swift_todoUITests.xctest */,
			);
			name = Products;
			sourceTree = "<group>";
		};
		546FEC08269ABEAE0040D67A /* swift_todo */ = {
			isa = PBXGroup;
			children = (
				547AF64826D4712C0081043C /* App */,
				546FEC12269ABEAF0040D67A /* Assets.xcassets */,
				546FEC0B269ABEAE0040D67A /* SceneDelegate.swift */,
				546FEC09269ABEAE0040D67A /* AppDelegate.swift */,
				546FEC14269ABEAF0040D67A /* LaunchScreen.storyboard */,
				546FEC17269ABEAF0040D67A /* Info.plist */,
			);
			path = swift_todo;
			sourceTree = "<group>";
		};
		546FEC1F269ABEAF0040D67A /* swift_todoTests */ = {
			isa = PBXGroup;
			children = (
				546FEC20269ABEAF0040D67A /* swift_todoTests.swift */,
				546FEC22269ABEAF0040D67A /* Info.plist */,
			);
			path = swift_todoTests;
			sourceTree = "<group>";
		};
		546FEC2A269ABEAF0040D67A /* swift_todoUITests */ = {
			isa = PBXGroup;
			children = (
				546FEC2B269ABEAF0040D67A /* swift_todoUITests.swift */,
				546FEC2D269ABEAF0040D67A /* Info.plist */,
			);
			path = swift_todoUITests;
			sourceTree = "<group>";
		};
		547AF64826D4712C0081043C /* App */ = {
			isa = PBXGroup;
			children = (
				547AF64A26D4748B0081043C /* Data */,
				547AF64926D474800081043C /* Scenes */,
				5444107E26D11971005E15BB /* Environment */,
			);
			path = App;
			sourceTree = "<group>";
		};
		547AF64926D474800081043C /* Scenes */ = {
			isa = PBXGroup;
			children = (
				547AF65926D4D5030081043C /* UI */,
				547AF65526D476D40081043C /* TodoEdit */,
				547AF64B26D4749A0081043C /* TodoIndex */,
				547AF64D26D474A80081043C /* TodoAdd */,
				547AF64C26D474A20081043C /* TodoShow */,
			);
			path = Scenes;
			sourceTree = "<group>";
		};
		547AF64A26D4748B0081043C /* Data */ = {
			isa = PBXGroup;
			children = (
				547AF65826D479070081043C /* Protocol */,
				547AF64E26D474B80081043C /* TodoList */,
			);
			path = Data;
			sourceTree = "<group>";
		};
		547AF64B26D4749A0081043C /* TodoIndex */ = {
			isa = PBXGroup;
			children = (
				547AF64F26D475D40081043C /* Domain */,
				547AF65026D475D90081043C /* Presentation */,
			);
			path = TodoIndex;
			sourceTree = "<group>";
		};
		547AF64C26D474A20081043C /* TodoShow */ = {
			isa = PBXGroup;
			children = (
				547AF65426D476B70081043C /* Domain */,
				547AF65326D476B00081043C /* Presentation */,
			);
			path = TodoShow;
			sourceTree = "<group>";
		};
		547AF64D26D474A80081043C /* TodoAdd */ = {
			isa = PBXGroup;
			children = (
				547AF65126D476A00081043C /* Domain */,
				547AF65226D476A70081043C /* Presentation */,
			);
			path = TodoAdd;
			sourceTree = "<group>";
		};
		547AF64E26D474B80081043C /* TodoList */ = {
			isa = PBXGroup;
			children = (
				5444107A26D11882005E15BB /* Todo.swift */,
				5444108526D11D44005E15BB /* TodoGateway.swift */,
				5444108126D11C81005E15BB /* TodoRepository.swift */,
			);
			path = TodoList;
			sourceTree = "<group>";
		};
		547AF64F26D475D40081043C /* Domain */ = {
			isa = PBXGroup;
			children = (
				5444107C26D118FA005E15BB /* TodoUseCase.swift */,
			);
			path = Domain;
			sourceTree = "<group>";
		};
		547AF65026D475D90081043C /* Presentation */ = {
			isa = PBXGroup;
			children = (
				5444108326D11CEB005E15BB /* TodoIndexPresenter.swift */,
				5444107826D11824005E15BB /* TodoIndexRouter.swift */,
				5444106D26D1168C005E15BB /* TodoIndexViewController.swift */,
			);
			path = Presentation;
			sourceTree = "<group>";
		};
		547AF65126D476A00081043C /* Domain */ = {
			isa = PBXGroup;
			children = (
			);
			path = Domain;
			sourceTree = "<group>";
		};
		547AF65226D476A70081043C /* Presentation */ = {
			isa = PBXGroup;
			children = (
				547AF60726D1EC210081043C /* TodoAddPresenter.swift */,
				5444107126D116A7005E15BB /* TodoAddViewController.swift */,
			);
			path = Presentation;
			sourceTree = "<group>";
		};
		547AF65326D476B00081043C /* Presentation */ = {
			isa = PBXGroup;
			children = (
				547AF60326D1EC080081043C /* TodoShowPresenter.swift */,
				5444106F26D1169D005E15BB /* TodoShowViewController.swift */,
			);
			path = Presentation;
			sourceTree = "<group>";
		};
		547AF65426D476B70081043C /* Domain */ = {
			isa = PBXGroup;
			children = (
			);
			path = Domain;
			sourceTree = "<group>";
		};
		547AF65526D476D40081043C /* TodoEdit */ = {
			isa = PBXGroup;
			children = (
				547AF65726D476E60081043C /* Domain */,
				547AF65626D476DE0081043C /* Presentation */,
			);
			path = TodoEdit;
			sourceTree = "<group>";
		};
		547AF65626D476DE0081043C /* Presentation */ = {
			isa = PBXGroup;
			children = (
				5444107326D116B6005E15BB /* TodoEditViewController.swift */,
				547AF60526D1EC120081043C /* TodoEditPresenter.swift */,
			);
			path = Presentation;
			sourceTree = "<group>";
		};
		547AF65726D476E60081043C /* Domain */ = {
			isa = PBXGroup;
			children = (
			);
			path = Domain;
			sourceTree = "<group>";
		};
		547AF65826D479070081043C /* Protocol */ = {
			isa = PBXGroup;
			children = (
			);
			path = Protocol;
			sourceTree = "<group>";
		};
		547AF65926D4D5030081043C /* UI */ = {
			isa = PBXGroup;
			children = (
				547AF65A26D4D51B0081043C /* TodoFormView.swift */,
			);
			path = UI;
			sourceTree = "<group>";
		};
		C9030EAFF09DA84955C80F8A /* Frameworks */ = {
			isa = PBXGroup;
			children = (
				7A502B33C32966643625067D /* Pods_swift_todo.framework */,
				ED40158F7C781340420D7091 /* Pods_swift_todo_swift_todoUITests.framework */,
				B43725D28B7400819217548D /* Pods_swift_todoTests.framework */,
			);
			name = Frameworks;
			sourceTree = "<group>";
		};
/* End PBXGroup section */

/* Begin PBXNativeTarget section */
		546FEC05269ABEAE0040D67A /* swift_todo */ = {
			isa = PBXNativeTarget;
			buildConfigurationList = 546FEC30269ABEAF0040D67A /* Build configuration list for PBXNativeTarget "swift_todo" */;
			buildPhases = (
				FFCF4C828BA5BC70676BE939 /* [CP] Check Pods Manifest.lock */,
				546FEC02269ABEAE0040D67A /* Sources */,
				546FEC03269ABEAE0040D67A /* Frameworks */,
				546FEC04269ABEAE0040D67A /* Resources */,
				DBA07DEDC8B271FAE2D64B86 /* [CP] Embed Pods Frameworks */,
			);
			buildRules = (
			);
			dependencies = (
			);
			name = swift_todo;
			productName = swift_todo;
			productReference = 546FEC06269ABEAE0040D67A /* swift_todo.app */;
			productType = "com.apple.product-type.application";
		};
		546FEC1B269ABEAF0040D67A /* swift_todoTests */ = {
			isa = PBXNativeTarget;
			buildConfigurationList = 546FEC33269ABEAF0040D67A /* Build configuration list for PBXNativeTarget "swift_todoTests" */;
			buildPhases = (
				80959033A9DA3780060962AE /* [CP] Check Pods Manifest.lock */,
				546FEC18269ABEAF0040D67A /* Sources */,
				546FEC19269ABEAF0040D67A /* Frameworks */,
				546FEC1A269ABEAF0040D67A /* Resources */,
			);
			buildRules = (
			);
			dependencies = (
				546FEC1E269ABEAF0040D67A /* PBXTargetDependency */,
			);
			name = swift_todoTests;
			productName = swift_todoTests;
			productReference = 546FEC1C269ABEAF0040D67A /* swift_todoTests.xctest */;
			productType = "com.apple.product-type.bundle.unit-test";
		};
		546FEC26269ABEAF0040D67A /* swift_todoUITests */ = {
			isa = PBXNativeTarget;
			buildConfigurationList = 546FEC36269ABEAF0040D67A /* Build configuration list for PBXNativeTarget "swift_todoUITests" */;
			buildPhases = (
				44CE2A6BE1C3DA79A47C4C64 /* [CP] Check Pods Manifest.lock */,
				546FEC23269ABEAF0040D67A /* Sources */,
				546FEC24269ABEAF0040D67A /* Frameworks */,
				546FEC25269ABEAF0040D67A /* Resources */,
				7E0C0571E8E7D48703B60291 /* [CP] Embed Pods Frameworks */,
			);
			buildRules = (
			);
			dependencies = (
				546FEC29269ABEAF0040D67A /* PBXTargetDependency */,
			);
			name = swift_todoUITests;
			productName = swift_todoUITests;
			productReference = 546FEC27269ABEAF0040D67A /* swift_todoUITests.xctest */;
			productType = "com.apple.product-type.bundle.ui-testing";
		};
/* End PBXNativeTarget section */

/* Begin PBXProject section */
		546FEBFE269ABEAE0040D67A /* Project object */ = {
			isa = PBXProject;
			attributes = {
				LastSwiftUpdateCheck = 1250;
				LastUpgradeCheck = 1250;
				TargetAttributes = {
					546FEC05269ABEAE0040D67A = {
						CreatedOnToolsVersion = 12.5.1;
					};
					546FEC1B269ABEAF0040D67A = {
						CreatedOnToolsVersion = 12.5.1;
						TestTargetID = 546FEC05269ABEAE0040D67A;
					};
					546FEC26269ABEAF0040D67A = {
						CreatedOnToolsVersion = 12.5.1;
						TestTargetID = 546FEC05269ABEAE0040D67A;
					};
				};
			};
			buildConfigurationList = 546FEC01269ABEAE0040D67A /* Build configuration list for PBXProject "swift_todo" */;
			compatibilityVersion = "Xcode 9.3";
			developmentRegion = en;
			hasScannedForEncodings = 0;
			knownRegions = (
				en,
				Base,
			);
			mainGroup = 546FEBFD269ABEAE0040D67A;
			productRefGroup = 546FEC07269ABEAE0040D67A /* Products */;
			projectDirPath = "";
			projectRoot = "";
			targets = (
				546FEC05269ABEAE0040D67A /* swift_todo */,
				546FEC1B269ABEAF0040D67A /* swift_todoTests */,
				546FEC26269ABEAF0040D67A /* swift_todoUITests */,
			);
		};
/* End PBXProject section */

/* Begin PBXResourcesBuildPhase section */
		546FEC04269ABEAE0040D67A /* Resources */ = {
			isa = PBXResourcesBuildPhase;
			buildActionMask = 2147483647;
			files = (
				546FEC16269ABEAF0040D67A /* LaunchScreen.storyboard in Resources */,
				546FEC13269ABEAF0040D67A /* Assets.xcassets in Resources */,
			);
			runOnlyForDeploymentPostprocessing = 0;
		};
		546FEC1A269ABEAF0040D67A /* Resources */ = {
			isa = PBXResourcesBuildPhase;
			buildActionMask = 2147483647;
			files = (
			);
			runOnlyForDeploymentPostprocessing = 0;
		};
		546FEC25269ABEAF0040D67A /* Resources */ = {
			isa = PBXResourcesBuildPhase;
			buildActionMask = 2147483647;
			files = (
			);
			runOnlyForDeploymentPostprocessing = 0;
		};
/* End PBXResourcesBuildPhase section */

/* Begin PBXShellScriptBuildPhase section */
		44CE2A6BE1C3DA79A47C4C64 /* [CP] Check Pods Manifest.lock */ = {
			isa = PBXShellScriptBuildPhase;
			buildActionMask = 2147483647;
			files = (
			);
			inputFileListPaths = (
			);
			inputPaths = (
				"${PODS_PODFILE_DIR_PATH}/Podfile.lock",
				"${PODS_ROOT}/Manifest.lock",
			);
			name = "[CP] Check Pods Manifest.lock";
			outputFileListPaths = (
			);
			outputPaths = (
				"$(DERIVED_FILE_DIR)/Pods-swift_todo-swift_todoUITests-checkManifestLockResult.txt",
			);
			runOnlyForDeploymentPostprocessing = 0;
			shellPath = /bin/sh;
			shellScript = "diff \"${PODS_PODFILE_DIR_PATH}/Podfile.lock\" \"${PODS_ROOT}/Manifest.lock\" > /dev/null\nif [ $? != 0 ] ; then\n    # print error to STDERR\n    echo \"error: The sandbox is not in sync with the Podfile.lock. Run 'pod install' or update your CocoaPods installation.\" >&2\n    exit 1\nfi\n# This output is used by Xcode 'outputs' to avoid re-running this script phase.\necho \"SUCCESS\" > \"${SCRIPT_OUTPUT_FILE_0}\"\n";
			showEnvVarsInLog = 0;
		};
		7E0C0571E8E7D48703B60291 /* [CP] Embed Pods Frameworks */ = {
			isa = PBXShellScriptBuildPhase;
			buildActionMask = 2147483647;
			files = (
			);
			inputFileListPaths = (
				"${PODS_ROOT}/Target Support Files/Pods-swift_todo-swift_todoUITests/Pods-swift_todo-swift_todoUITests-frameworks-${CONFIGURATION}-input-files.xcfilelist",
			);
			name = "[CP] Embed Pods Frameworks";
			outputFileListPaths = (
				"${PODS_ROOT}/Target Support Files/Pods-swift_todo-swift_todoUITests/Pods-swift_todo-swift_todoUITests-frameworks-${CONFIGURATION}-output-files.xcfilelist",
			);
			runOnlyForDeploymentPostprocessing = 0;
			shellPath = /bin/sh;
			shellScript = "\"${PODS_ROOT}/Target Support Files/Pods-swift_todo-swift_todoUITests/Pods-swift_todo-swift_todoUITests-frameworks.sh\"\n";
			showEnvVarsInLog = 0;
		};
		80959033A9DA3780060962AE /* [CP] Check Pods Manifest.lock */ = {
			isa = PBXShellScriptBuildPhase;
			buildActionMask = 2147483647;
			files = (
			);
			inputFileListPaths = (
			);
			inputPaths = (
				"${PODS_PODFILE_DIR_PATH}/Podfile.lock",
				"${PODS_ROOT}/Manifest.lock",
			);
			name = "[CP] Check Pods Manifest.lock";
			outputFileListPaths = (
			);
			outputPaths = (
				"$(DERIVED_FILE_DIR)/Pods-swift_todoTests-checkManifestLockResult.txt",
			);
			runOnlyForDeploymentPostprocessing = 0;
			shellPath = /bin/sh;
			shellScript = "diff \"${PODS_PODFILE_DIR_PATH}/Podfile.lock\" \"${PODS_ROOT}/Manifest.lock\" > /dev/null\nif [ $? != 0 ] ; then\n    # print error to STDERR\n    echo \"error: The sandbox is not in sync with the Podfile.lock. Run 'pod install' or update your CocoaPods installation.\" >&2\n    exit 1\nfi\n# This output is used by Xcode 'outputs' to avoid re-running this script phase.\necho \"SUCCESS\" > \"${SCRIPT_OUTPUT_FILE_0}\"\n";
			showEnvVarsInLog = 0;
		};
		DBA07DEDC8B271FAE2D64B86 /* [CP] Embed Pods Frameworks */ = {
			isa = PBXShellScriptBuildPhase;
			buildActionMask = 2147483647;
			files = (
			);
			inputFileListPaths = (
				"${PODS_ROOT}/Target Support Files/Pods-swift_todo/Pods-swift_todo-frameworks-${CONFIGURATION}-input-files.xcfilelist",
			);
			name = "[CP] Embed Pods Frameworks";
			outputFileListPaths = (
				"${PODS_ROOT}/Target Support Files/Pods-swift_todo/Pods-swift_todo-frameworks-${CONFIGURATION}-output-files.xcfilelist",
			);
			runOnlyForDeploymentPostprocessing = 0;
			shellPath = /bin/sh;
			shellScript = "\"${PODS_ROOT}/Target Support Files/Pods-swift_todo/Pods-swift_todo-frameworks.sh\"\n";
			showEnvVarsInLog = 0;
		};
		FFCF4C828BA5BC70676BE939 /* [CP] Check Pods Manifest.lock */ = {
			isa = PBXShellScriptBuildPhase;
			buildActionMask = 2147483647;
			files = (
			);
			inputFileListPaths = (
			);
			inputPaths = (
				"${PODS_PODFILE_DIR_PATH}/Podfile.lock",
				"${PODS_ROOT}/Manifest.lock",
			);
			name = "[CP] Check Pods Manifest.lock";
			outputFileListPaths = (
			);
			outputPaths = (
				"$(DERIVED_FILE_DIR)/Pods-swift_todo-checkManifestLockResult.txt",
			);
			runOnlyForDeploymentPostprocessing = 0;
			shellPath = /bin/sh;
			shellScript = "diff \"${PODS_PODFILE_DIR_PATH}/Podfile.lock\" \"${PODS_ROOT}/Manifest.lock\" > /dev/null\nif [ $? != 0 ] ; then\n    # print error to STDERR\n    echo \"error: The sandbox is not in sync with the Podfile.lock. Run 'pod install' or update your CocoaPods installation.\" >&2\n    exit 1\nfi\n# This output is used by Xcode 'outputs' to avoid re-running this script phase.\necho \"SUCCESS\" > \"${SCRIPT_OUTPUT_FILE_0}\"\n";
			showEnvVarsInLog = 0;
		};
/* End PBXShellScriptBuildPhase section */

/* Begin PBXSourcesBuildPhase section */
		546FEC02269ABEAE0040D67A /* Sources */ = {
			isa = PBXSourcesBuildPhase;
			buildActionMask = 2147483647;
			files = (
				5444108226D11C81005E15BB /* TodoRepository.swift in Sources */,
				547AF60B26D225F50081043C /* Transitioner.swift in Sources */,
				5444107D26D118FA005E15BB /* TodoUseCase.swift in Sources */,
				5444107726D11765005E15BB /* Application.swift in Sources */,
				5444107226D116A7005E15BB /* TodoAddViewController.swift in Sources */,
				546FEC0A269ABEAE0040D67A /* AppDelegate.swift in Sources */,
				5444107926D11824005E15BB /* TodoIndexRouter.swift in Sources */,
				547AF60626D1EC120081043C /* TodoEditPresenter.swift in Sources */,
				547AF65B26D4D51B0081043C /* TodoFormView.swift in Sources */,
				5444107426D116B6005E15BB /* TodoEditViewController.swift in Sources */,
				5444108626D11D44005E15BB /* TodoGateway.swift in Sources */,
				5444106E26D1168C005E15BB /* TodoIndexViewController.swift in Sources */,
				546FEC0C269ABEAE0040D67A /* SceneDelegate.swift in Sources */,
				547AF60826D1EC210081043C /* TodoAddPresenter.swift in Sources */,
				5444108426D11CEB005E15BB /* TodoIndexPresenter.swift in Sources */,
				547AF60426D1EC080081043C /* TodoShowPresenter.swift in Sources */,
				5444107026D1169D005E15BB /* TodoShowViewController.swift in Sources */,
				5444107B26D11882005E15BB /* Todo.swift in Sources */,
			);
			runOnlyForDeploymentPostprocessing = 0;
		};
		546FEC18269ABEAF0040D67A /* Sources */ = {
			isa = PBXSourcesBuildPhase;
			buildActionMask = 2147483647;
			files = (
				546FEC21269ABEAF0040D67A /* swift_todoTests.swift in Sources */,
			);
			runOnlyForDeploymentPostprocessing = 0;
		};
		546FEC23269ABEAF0040D67A /* Sources */ = {
			isa = PBXSourcesBuildPhase;
			buildActionMask = 2147483647;
			files = (
				546FEC2C269ABEAF0040D67A /* swift_todoUITests.swift in Sources */,
			);
			runOnlyForDeploymentPostprocessing = 0;
		};
/* End PBXSourcesBuildPhase section */

/* Begin PBXTargetDependency section */
		546FEC1E269ABEAF0040D67A /* PBXTargetDependency */ = {
			isa = PBXTargetDependency;
			target = 546FEC05269ABEAE0040D67A /* swift_todo */;
			targetProxy = 546FEC1D269ABEAF0040D67A /* PBXContainerItemProxy */;
		};
		546FEC29269ABEAF0040D67A /* PBXTargetDependency */ = {
			isa = PBXTargetDependency;
			target = 546FEC05269ABEAE0040D67A /* swift_todo */;
			targetProxy = 546FEC28269ABEAF0040D67A /* PBXContainerItemProxy */;
		};
/* End PBXTargetDependency section */

/* Begin PBXVariantGroup section */
		546FEC14269ABEAF0040D67A /* LaunchScreen.storyboard */ = {
			isa = PBXVariantGroup;
			children = (
				546FEC15269ABEAF0040D67A /* Base */,
			);
			name = LaunchScreen.storyboard;
			sourceTree = "<group>";
		};
/* End PBXVariantGroup section */

/* Begin XCBuildConfiguration section */
		546FEC2E269ABEAF0040D67A /* Debug */ = {
			isa = XCBuildConfiguration;
			buildSettings = {
				ALWAYS_SEARCH_USER_PATHS = NO;
				CLANG_ANALYZER_NONNULL = YES;
				CLANG_ANALYZER_NUMBER_OBJECT_CONVERSION = YES_AGGRESSIVE;
				CLANG_CXX_LANGUAGE_STANDARD = "gnu++14";
				CLANG_CXX_LIBRARY = "libc++";
				CLANG_ENABLE_MODULES = YES;
				CLANG_ENABLE_OBJC_ARC = YES;
				CLANG_ENABLE_OBJC_WEAK = YES;
				CLANG_WARN_BLOCK_CAPTURE_AUTORELEASING = YES;
				CLANG_WARN_BOOL_CONVERSION = YES;
				CLANG_WARN_COMMA = YES;
				CLANG_WARN_CONSTANT_CONVERSION = YES;
				CLANG_WARN_DEPRECATED_OBJC_IMPLEMENTATIONS = YES;
				CLANG_WARN_DIRECT_OBJC_ISA_USAGE = YES_ERROR;
				CLANG_WARN_DOCUMENTATION_COMMENTS = YES;
				CLANG_WARN_EMPTY_BODY = YES;
				CLANG_WARN_ENUM_CONVERSION = YES;
				CLANG_WARN_INFINITE_RECURSION = YES;
				CLANG_WARN_INT_CONVERSION = YES;
				CLANG_WARN_NON_LITERAL_NULL_CONVERSION = YES;
				CLANG_WARN_OBJC_IMPLICIT_RETAIN_SELF = YES;
				CLANG_WARN_OBJC_LITERAL_CONVERSION = YES;
				CLANG_WARN_OBJC_ROOT_CLASS = YES_ERROR;
				CLANG_WARN_QUOTED_INCLUDE_IN_FRAMEWORK_HEADER = YES;
				CLANG_WARN_RANGE_LOOP_ANALYSIS = YES;
				CLANG_WARN_STRICT_PROTOTYPES = YES;
				CLANG_WARN_SUSPICIOUS_MOVE = YES;
				CLANG_WARN_UNGUARDED_AVAILABILITY = YES_AGGRESSIVE;
				CLANG_WARN_UNREACHABLE_CODE = YES;
				CLANG_WARN__DUPLICATE_METHOD_MATCH = YES;
				COPY_PHASE_STRIP = NO;
				DEBUG_INFORMATION_FORMAT = dwarf;
				ENABLE_STRICT_OBJC_MSGSEND = YES;
				ENABLE_TESTABILITY = YES;
				GCC_C_LANGUAGE_STANDARD = gnu11;
				GCC_DYNAMIC_NO_PIC = NO;
				GCC_NO_COMMON_BLOCKS = YES;
				GCC_OPTIMIZATION_LEVEL = 0;
				GCC_PREPROCESSOR_DEFINITIONS = (
					"DEBUG=1",
					"$(inherited)",
				);
				GCC_WARN_64_TO_32_BIT_CONVERSION = YES;
				GCC_WARN_ABOUT_RETURN_TYPE = YES_ERROR;
				GCC_WARN_UNDECLARED_SELECTOR = YES;
				GCC_WARN_UNINITIALIZED_AUTOS = YES_AGGRESSIVE;
				GCC_WARN_UNUSED_FUNCTION = YES;
				GCC_WARN_UNUSED_VARIABLE = YES;
				IPHONEOS_DEPLOYMENT_TARGET = 14.5;
				MTL_ENABLE_DEBUG_INFO = INCLUDE_SOURCE;
				MTL_FAST_MATH = YES;
				ONLY_ACTIVE_ARCH = YES;
				SDKROOT = iphoneos;
				SWIFT_ACTIVE_COMPILATION_CONDITIONS = DEBUG;
				SWIFT_OPTIMIZATION_LEVEL = "-Onone";
			};
			name = Debug;
		};
		546FEC2F269ABEAF0040D67A /* Release */ = {
			isa = XCBuildConfiguration;
			buildSettings = {
				ALWAYS_SEARCH_USER_PATHS = NO;
				CLANG_ANALYZER_NONNULL = YES;
				CLANG_ANALYZER_NUMBER_OBJECT_CONVERSION = YES_AGGRESSIVE;
				CLANG_CXX_LANGUAGE_STANDARD = "gnu++14";
				CLANG_CXX_LIBRARY = "libc++";
				CLANG_ENABLE_MODULES = YES;
				CLANG_ENABLE_OBJC_ARC = YES;
				CLANG_ENABLE_OBJC_WEAK = YES;
				CLANG_WARN_BLOCK_CAPTURE_AUTORELEASING = YES;
				CLANG_WARN_BOOL_CONVERSION = YES;
				CLANG_WARN_COMMA = YES;
				CLANG_WARN_CONSTANT_CONVERSION = YES;
				CLANG_WARN_DEPRECATED_OBJC_IMPLEMENTATIONS = YES;
				CLANG_WARN_DIRECT_OBJC_ISA_USAGE = YES_ERROR;
				CLANG_WARN_DOCUMENTATION_COMMENTS = YES;
				CLANG_WARN_EMPTY_BODY = YES;
				CLANG_WARN_ENUM_CONVERSION = YES;
				CLANG_WARN_INFINITE_RECURSION = YES;
				CLANG_WARN_INT_CONVERSION = YES;
				CLANG_WARN_NON_LITERAL_NULL_CONVERSION = YES;
				CLANG_WARN_OBJC_IMPLICIT_RETAIN_SELF = YES;
				CLANG_WARN_OBJC_LITERAL_CONVERSION = YES;
				CLANG_WARN_OBJC_ROOT_CLASS = YES_ERROR;
				CLANG_WARN_QUOTED_INCLUDE_IN_FRAMEWORK_HEADER = YES;
				CLANG_WARN_RANGE_LOOP_ANALYSIS = YES;
				CLANG_WARN_STRICT_PROTOTYPES = YES;
				CLANG_WARN_SUSPICIOUS_MOVE = YES;
				CLANG_WARN_UNGUARDED_AVAILABILITY = YES_AGGRESSIVE;
				CLANG_WARN_UNREACHABLE_CODE = YES;
				CLANG_WARN__DUPLICATE_METHOD_MATCH = YES;
				COPY_PHASE_STRIP = NO;
				DEBUG_INFORMATION_FORMAT = "dwarf-with-dsym";
				ENABLE_NS_ASSERTIONS = NO;
				ENABLE_STRICT_OBJC_MSGSEND = YES;
				GCC_C_LANGUAGE_STANDARD = gnu11;
				GCC_NO_COMMON_BLOCKS = YES;
				GCC_WARN_64_TO_32_BIT_CONVERSION = YES;
				GCC_WARN_ABOUT_RETURN_TYPE = YES_ERROR;
				GCC_WARN_UNDECLARED_SELECTOR = YES;
				GCC_WARN_UNINITIALIZED_AUTOS = YES_AGGRESSIVE;
				GCC_WARN_UNUSED_FUNCTION = YES;
				GCC_WARN_UNUSED_VARIABLE = YES;
				IPHONEOS_DEPLOYMENT_TARGET = 14.5;
				MTL_ENABLE_DEBUG_INFO = NO;
				MTL_FAST_MATH = YES;
				SDKROOT = iphoneos;
				SWIFT_COMPILATION_MODE = wholemodule;
				SWIFT_OPTIMIZATION_LEVEL = "-O";
				VALIDATE_PRODUCT = YES;
			};
			name = Release;
		};
		546FEC31269ABEAF0040D67A /* Debug */ = {
			isa = XCBuildConfiguration;
			baseConfigurationReference = 281005741EB6E02170E0773A /* Pods-swift_todo.debug.xcconfig */;
			buildSettings = {
				ASSETCATALOG_COMPILER_APPICON_NAME = AppIcon;
				ASSETCATALOG_COMPILER_GLOBAL_ACCENT_COLOR_NAME = AccentColor;
				CODE_SIGN_STYLE = Automatic;
				DEVELOPMENT_TEAM = DWD3D8GTHK;
				INFOPLIST_FILE = swift_todo/Info.plist;
				LD_RUNPATH_SEARCH_PATHS = (
					"$(inherited)",
					"@executable_path/Frameworks",
				);
				PRODUCT_BUNDLE_IDENTIFIER = "swift.swift-todo";
				PRODUCT_NAME = "$(TARGET_NAME)";
				SWIFT_VERSION = 5.0;
				TARGETED_DEVICE_FAMILY = "1,2";
			};
			name = Debug;
		};
		546FEC32269ABEAF0040D67A /* Release */ = {
			isa = XCBuildConfiguration;
			baseConfigurationReference = 4A0F3DD4C729EF78B0601D9A /* Pods-swift_todo.release.xcconfig */;
			buildSettings = {
				ASSETCATALOG_COMPILER_APPICON_NAME = AppIcon;
				ASSETCATALOG_COMPILER_GLOBAL_ACCENT_COLOR_NAME = AccentColor;
				CODE_SIGN_STYLE = Automatic;
				DEVELOPMENT_TEAM = DWD3D8GTHK;
				INFOPLIST_FILE = swift_todo/Info.plist;
				LD_RUNPATH_SEARCH_PATHS = (
					"$(inherited)",
					"@executable_path/Frameworks",
				);
				PRODUCT_BUNDLE_IDENTIFIER = "swift.swift-todo";
				PRODUCT_NAME = "$(TARGET_NAME)";
				SWIFT_VERSION = 5.0;
				TARGETED_DEVICE_FAMILY = "1,2";
			};
			name = Release;
		};
		546FEC34269ABEAF0040D67A /* Debug */ = {
			isa = XCBuildConfiguration;
			baseConfigurationReference = D60A2697BAED8A884C4E0753 /* Pods-swift_todoTests.debug.xcconfig */;
			buildSettings = {
				ALWAYS_EMBED_SWIFT_STANDARD_LIBRARIES = YES;
				BUNDLE_LOADER = "$(TEST_HOST)";
				CODE_SIGN_STYLE = Automatic;
				DEVELOPMENT_TEAM = DWD3D8GTHK;
				INFOPLIST_FILE = swift_todoTests/Info.plist;
				IPHONEOS_DEPLOYMENT_TARGET = 14.5;
				LD_RUNPATH_SEARCH_PATHS = (
					"$(inherited)",
					"@executable_path/Frameworks",
					"@loader_path/Frameworks",
				);
				PRODUCT_BUNDLE_IDENTIFIER = "swift.swift-todoTests";
				PRODUCT_NAME = "$(TARGET_NAME)";
				SWIFT_VERSION = 5.0;
				TARGETED_DEVICE_FAMILY = "1,2";
				TEST_HOST = "$(BUILT_PRODUCTS_DIR)/swift_todo.app/swift_todo";
			};
			name = Debug;
		};
		546FEC35269ABEAF0040D67A /* Release */ = {
			isa = XCBuildConfiguration;
			baseConfigurationReference = 1114CB51A9CE9AFAED4F45AB /* Pods-swift_todoTests.release.xcconfig */;
			buildSettings = {
				ALWAYS_EMBED_SWIFT_STANDARD_LIBRARIES = YES;
				BUNDLE_LOADER = "$(TEST_HOST)";
				CODE_SIGN_STYLE = Automatic;
				DEVELOPMENT_TEAM = DWD3D8GTHK;
				INFOPLIST_FILE = swift_todoTests/Info.plist;
				IPHONEOS_DEPLOYMENT_TARGET = 14.5;
				LD_RUNPATH_SEARCH_PATHS = (
					"$(inherited)",
					"@executable_path/Frameworks",
					"@loader_path/Frameworks",
				);
				PRODUCT_BUNDLE_IDENTIFIER = "swift.swift-todoTests";
				PRODUCT_NAME = "$(TARGET_NAME)";
				SWIFT_VERSION = 5.0;
				TARGETED_DEVICE_FAMILY = "1,2";
				TEST_HOST = "$(BUILT_PRODUCTS_DIR)/swift_todo.app/swift_todo";
			};
			name = Release;
		};
		546FEC37269ABEAF0040D67A /* Debug */ = {
			isa = XCBuildConfiguration;
			baseConfigurationReference = EB88F04F5BB4E12D1BC92283 /* Pods-swift_todo-swift_todoUITests.debug.xcconfig */;
			buildSettings = {
				ALWAYS_EMBED_SWIFT_STANDARD_LIBRARIES = YES;
				CODE_SIGN_STYLE = Automatic;
				DEVELOPMENT_TEAM = DWD3D8GTHK;
				INFOPLIST_FILE = swift_todoUITests/Info.plist;
				LD_RUNPATH_SEARCH_PATHS = (
					"$(inherited)",
					"@executable_path/Frameworks",
					"@loader_path/Frameworks",
				);
				PRODUCT_BUNDLE_IDENTIFIER = "swift.swift-todoUITests";
				PRODUCT_NAME = "$(TARGET_NAME)";
				SWIFT_VERSION = 5.0;
				TARGETED_DEVICE_FAMILY = "1,2";
				TEST_TARGET_NAME = swift_todo;
			};
			name = Debug;
		};
		546FEC38269ABEAF0040D67A /* Release */ = {
			isa = XCBuildConfiguration;
			baseConfigurationReference = A35AEA48BBC1797819C2ECB3 /* Pods-swift_todo-swift_todoUITests.release.xcconfig */;
			buildSettings = {
				ALWAYS_EMBED_SWIFT_STANDARD_LIBRARIES = YES;
				CODE_SIGN_STYLE = Automatic;
				DEVELOPMENT_TEAM = DWD3D8GTHK;
				INFOPLIST_FILE = swift_todoUITests/Info.plist;
				LD_RUNPATH_SEARCH_PATHS = (
					"$(inherited)",
					"@executable_path/Frameworks",
					"@loader_path/Frameworks",
				);
				PRODUCT_BUNDLE_IDENTIFIER = "swift.swift-todoUITests";
				PRODUCT_NAME = "$(TARGET_NAME)";
				SWIFT_VERSION = 5.0;
				TARGETED_DEVICE_FAMILY = "1,2";
				TEST_TARGET_NAME = swift_todo;
			};
			name = Release;
		};
/* End XCBuildConfiguration section */

/* Begin XCConfigurationList section */
		546FEC01269ABEAE0040D67A /* Build configuration list for PBXProject "swift_todo" */ = {
			isa = XCConfigurationList;
			buildConfigurations = (
				546FEC2E269ABEAF0040D67A /* Debug */,
				546FEC2F269ABEAF0040D67A /* Release */,
			);
			defaultConfigurationIsVisible = 0;
			defaultConfigurationName = Release;
		};
		546FEC30269ABEAF0040D67A /* Build configuration list for PBXNativeTarget "swift_todo" */ = {
			isa = XCConfigurationList;
			buildConfigurations = (
				546FEC31269ABEAF0040D67A /* Debug */,
				546FEC32269ABEAF0040D67A /* Release */,
			);
			defaultConfigurationIsVisible = 0;
			defaultConfigurationName = Release;
		};
		546FEC33269ABEAF0040D67A /* Build configuration list for PBXNativeTarget "swift_todoTests" */ = {
			isa = XCConfigurationList;
			buildConfigurations = (
				546FEC34269ABEAF0040D67A /* Debug */,
				546FEC35269ABEAF0040D67A /* Release */,
			);
			defaultConfigurationIsVisible = 0;
			defaultConfigurationName = Release;
		};
		546FEC36269ABEAF0040D67A /* Build configuration list for PBXNativeTarget "swift_todoUITests" */ = {
			isa = XCConfigurationList;
			buildConfigurations = (
				546FEC37269ABEAF0040D67A /* Debug */,
				546FEC38269ABEAF0040D67A /* Release */,
			);
			defaultConfigurationIsVisible = 0;
			defaultConfigurationName = Release;
		};
/* End XCConfigurationList section */
	};
	rootObject = 546FEBFE269ABEAE0040D67A /* Project object */;
}
